// !$*UTF8*$!
{
	archiveVersion = 1;
	classes = {
	};
	objectVersion = 55;
	objects = {

/* Begin PBXBuildFile section */
		DA057D7A26B85C390089B34A /* GameView.swift in Sources */ = {isa = PBXBuildFile; fileRef = DA057D7926B85C390089B34A /* GameView.swift */; };
		DA057D7C26B8667B0089B34A /* HoldPieceView.swift in Sources */ = {isa = PBXBuildFile; fileRef = DA057D7B26B8667B0089B34A /* HoldPieceView.swift */; };
		DA14BB9C26B15E2700BBB4FE /* DrillUI_iOSApp.swift in Sources */ = {isa = PBXBuildFile; fileRef = DA14BB9B26B15E2700BBB4FE /* DrillUI_iOSApp.swift */; };
		DA14BBA026B15E2E00BBB4FE /* Assets.xcassets in Resources */ = {isa = PBXBuildFile; fileRef = DA14BB9F26B15E2E00BBB4FE /* Assets.xcassets */; };
		DA14BBA326B15E2E00BBB4FE /* Preview Assets.xcassets in Resources */ = {isa = PBXBuildFile; fileRef = DA14BBA226B15E2E00BBB4FE /* Preview Assets.xcassets */; };
		DA14BBAD26B15E2E00BBB4FE /* DrillUI_iOSTests.swift in Sources */ = {isa = PBXBuildFile; fileRef = DA14BBAC26B15E2E00BBB4FE /* DrillUI_iOSTests.swift */; };
		DA14BBC326B15EF300BBB4FE /* Assets.xcassets in Resources */ = {isa = PBXBuildFile; fileRef = DA14BBC226B15EF300BBB4FE /* Assets.xcassets */; };
		DA14BBC426B15F0F00BBB4FE /* Assets.xcassets in Resources */ = {isa = PBXBuildFile; fileRef = DA14BBC226B15EF300BBB4FE /* Assets.xcassets */; };
		DA14BBC526B15F1500BBB4FE /* ConsoleView.swift in Sources */ = {isa = PBXBuildFile; fileRef = DA5FE00026B07C7B002A8354 /* ConsoleView.swift */; };
		DA14BBC626B15F1800BBB4FE /* ControlView.swift in Sources */ = {isa = PBXBuildFile; fileRef = DA5FDFFF26B07C7B002A8354 /* ControlView.swift */; };
		DA14BBC826B161F200BBB4FE /* DrillAI in Frameworks */ = {isa = PBXBuildFile; productRef = DA14BBC726B161F200BBB4FE /* DrillAI */; };
		DA1F5B9A26B829A100FC8F70 /* FieldView.swift in Sources */ = {isa = PBXBuildFile; fileRef = DA1F5B9926B829A100FC8F70 /* FieldView.swift */; };
		DA1F5B9C26B8346E00FC8F70 /* GridLinesView.swift in Sources */ = {isa = PBXBuildFile; fileRef = DA1F5B9B26B8346E00FC8F70 /* GridLinesView.swift */; };
		DA5A92D426BBE79D008FAB33 /* PieceView.swift in Sources */ = {isa = PBXBuildFile; fileRef = DA5A92D326BBE79D008FAB33 /* PieceView.swift */; };
		DA5FDFD826B07BF9002A8354 /* DrillUIApp.swift in Sources */ = {isa = PBXBuildFile; fileRef = DA5FDFD726B07BF9002A8354 /* DrillUIApp.swift */; };
		DA5FDFDC26B07BFD002A8354 /* Assets.xcassets in Resources */ = {isa = PBXBuildFile; fileRef = DA5FDFDB26B07BFD002A8354 /* Assets.xcassets */; };
		DA5FDFDF26B07BFD002A8354 /* Preview Assets.xcassets in Resources */ = {isa = PBXBuildFile; fileRef = DA5FDFDE26B07BFD002A8354 /* Preview Assets.xcassets */; };
		DA5FDFE926B07BFD002A8354 /* DrillUITests.swift in Sources */ = {isa = PBXBuildFile; fileRef = DA5FDFE826B07BFD002A8354 /* DrillUITests.swift */; };
		DA5FE00226B07C7B002A8354 /* ControlView.swift in Sources */ = {isa = PBXBuildFile; fileRef = DA5FDFFF26B07C7B002A8354 /* ControlView.swift */; };
		DA5FE00326B07C7B002A8354 /* ConsoleView.swift in Sources */ = {isa = PBXBuildFile; fileRef = DA5FE00026B07C7B002A8354 /* ConsoleView.swift */; };
		DA5FE00426B07C7B002A8354 /* WindowAccessor.swift in Sources */ = {isa = PBXBuildFile; fileRef = DA5FE00126B07C7B002A8354 /* WindowAccessor.swift */; };
		DA5FE00B26B07D38002A8354 /* DrillAI in Frameworks */ = {isa = PBXBuildFile; productRef = DA5FE00A26B07D38002A8354 /* DrillAI */; };
		DA868CC826BAFE0300441CCB /* MinoCellView.swift in Sources */ = {isa = PBXBuildFile; fileRef = DA868CC726BAFE0300441CCB /* MinoCellView.swift */; };
		DA868CCA26BB0D8E00441CCB /* PieceUtilities.swift in Sources */ = {isa = PBXBuildFile; fileRef = DA868CC926BB0D8E00441CCB /* PieceUtilities.swift */; };
		DA98926F26B8697E00712571 /* NextPiecesView.swift in Sources */ = {isa = PBXBuildFile; fileRef = DA98926E26B8697E00712571 /* NextPiecesView.swift */; };
		DABBD87826B9CA33001B0E28 /* GameplayController.swift in Sources */ = {isa = PBXBuildFile; fileRef = DABBD87726B9CA33001B0E28 /* GameplayController.swift */; };
		DABBD87A26B9D0C0001B0E28 /* ContentView.swift in Sources */ = {isa = PBXBuildFile; fileRef = DABBD87926B9D0C0001B0E28 /* ContentView.swift */; };
		DABDDCFD26BAB1C90096CBE2 /* PlayPieceView.swift in Sources */ = {isa = PBXBuildFile; fileRef = DABDDCFC26BAB1C90096CBE2 /* PlayPieceView.swift */; };
		DAC37FEE26B994110095B653 /* FieldRowsView.swift in Sources */ = {isa = PBXBuildFile; fileRef = DAC37FED26B994110095B653 /* FieldRowsView.swift */; };
		DAC37FF026B994890095B653 /* DisplayField.swift in Sources */ = {isa = PBXBuildFile; fileRef = DAC37FEF26B994890095B653 /* DisplayField.swift */; };
/* End PBXBuildFile section */

/* Begin PBXContainerItemProxy section */
		DA14BBA926B15E2E00BBB4FE /* PBXContainerItemProxy */ = {
			isa = PBXContainerItemProxy;
			containerPortal = DA5FDFCC26B07BF9002A8354 /* Project object */;
			proxyType = 1;
			remoteGlobalIDString = DA14BB9826B15E2700BBB4FE;
			remoteInfo = DrillUI_iOS;
		};
		DA5FDFE526B07BFD002A8354 /* PBXContainerItemProxy */ = {
			isa = PBXContainerItemProxy;
			containerPortal = DA5FDFCC26B07BF9002A8354 /* Project object */;
			proxyType = 1;
			remoteGlobalIDString = DA5FDFD326B07BF9002A8354;
			remoteInfo = DrillUI;
		};
/* End PBXContainerItemProxy section */

/* Begin PBXFileReference section */
		DA057D7926B85C390089B34A /* GameView.swift */ = {isa = PBXFileReference; lastKnownFileType = sourcecode.swift; path = GameView.swift; sourceTree = "<group>"; };
		DA057D7B26B8667B0089B34A /* HoldPieceView.swift */ = {isa = PBXFileReference; lastKnownFileType = sourcecode.swift; path = HoldPieceView.swift; sourceTree = "<group>"; };
		DA14BB9926B15E2700BBB4FE /* DrillUI.app */ = {isa = PBXFileReference; explicitFileType = wrapper.application; includeInIndex = 0; path = DrillUI.app; sourceTree = BUILT_PRODUCTS_DIR; };
		DA14BB9B26B15E2700BBB4FE /* DrillUI_iOSApp.swift */ = {isa = PBXFileReference; lastKnownFileType = sourcecode.swift; path = DrillUI_iOSApp.swift; sourceTree = "<group>"; };
		DA14BB9F26B15E2E00BBB4FE /* Assets.xcassets */ = {isa = PBXFileReference; lastKnownFileType = folder.assetcatalog; path = Assets.xcassets; sourceTree = "<group>"; };
		DA14BBA226B15E2E00BBB4FE /* Preview Assets.xcassets */ = {isa = PBXFileReference; lastKnownFileType = folder.assetcatalog; path = "Preview Assets.xcassets"; sourceTree = "<group>"; };
		DA14BBA826B15E2E00BBB4FE /* DrillUI_iOSTests.xctest */ = {isa = PBXFileReference; explicitFileType = wrapper.cfbundle; includeInIndex = 0; path = DrillUI_iOSTests.xctest; sourceTree = BUILT_PRODUCTS_DIR; };
		DA14BBAC26B15E2E00BBB4FE /* DrillUI_iOSTests.swift */ = {isa = PBXFileReference; lastKnownFileType = sourcecode.swift; path = DrillUI_iOSTests.swift; sourceTree = "<group>"; };
		DA14BBC226B15EF300BBB4FE /* Assets.xcassets */ = {isa = PBXFileReference; lastKnownFileType = folder.assetcatalog; path = Assets.xcassets; sourceTree = "<group>"; };
		DA1F5B9926B829A100FC8F70 /* FieldView.swift */ = {isa = PBXFileReference; lastKnownFileType = sourcecode.swift; path = FieldView.swift; sourceTree = "<group>"; };
		DA1F5B9B26B8346E00FC8F70 /* GridLinesView.swift */ = {isa = PBXFileReference; lastKnownFileType = sourcecode.swift; path = GridLinesView.swift; sourceTree = "<group>"; };
		DA5A92D326BBE79D008FAB33 /* PieceView.swift */ = {isa = PBXFileReference; lastKnownFileType = sourcecode.swift; path = PieceView.swift; sourceTree = "<group>"; };
		DA5FDFD426B07BF9002A8354 /* DrillUI.app */ = {isa = PBXFileReference; explicitFileType = wrapper.application; includeInIndex = 0; path = DrillUI.app; sourceTree = BUILT_PRODUCTS_DIR; };
		DA5FDFD726B07BF9002A8354 /* DrillUIApp.swift */ = {isa = PBXFileReference; lastKnownFileType = sourcecode.swift; path = DrillUIApp.swift; sourceTree = "<group>"; };
		DA5FDFDB26B07BFD002A8354 /* Assets.xcassets */ = {isa = PBXFileReference; lastKnownFileType = folder.assetcatalog; path = Assets.xcassets; sourceTree = "<group>"; };
		DA5FDFDE26B07BFD002A8354 /* Preview Assets.xcassets */ = {isa = PBXFileReference; lastKnownFileType = folder.assetcatalog; path = "Preview Assets.xcassets"; sourceTree = "<group>"; };
		DA5FDFE426B07BFD002A8354 /* DrillUITests.xctest */ = {isa = PBXFileReference; explicitFileType = wrapper.cfbundle; includeInIndex = 0; path = DrillUITests.xctest; sourceTree = BUILT_PRODUCTS_DIR; };
		DA5FDFE826B07BFD002A8354 /* DrillUITests.swift */ = {isa = PBXFileReference; lastKnownFileType = sourcecode.swift; path = DrillUITests.swift; sourceTree = "<group>"; };
		DA5FDFFF26B07C7B002A8354 /* ControlView.swift */ = {isa = PBXFileReference; fileEncoding = 4; lastKnownFileType = sourcecode.swift; path = ControlView.swift; sourceTree = "<group>"; };
		DA5FE00026B07C7B002A8354 /* ConsoleView.swift */ = {isa = PBXFileReference; fileEncoding = 4; lastKnownFileType = sourcecode.swift; path = ConsoleView.swift; sourceTree = "<group>"; };
		DA5FE00126B07C7B002A8354 /* WindowAccessor.swift */ = {isa = PBXFileReference; fileEncoding = 4; lastKnownFileType = sourcecode.swift; path = WindowAccessor.swift; sourceTree = "<group>"; };
		DA5FE00626B07CBC002A8354 /* DrillAI */ = {isa = PBXFileReference; lastKnownFileType = folder; name = DrillAI; path = ../DrillAI; sourceTree = "<group>"; };
		DA868CC726BAFE0300441CCB /* MinoCellView.swift */ = {isa = PBXFileReference; lastKnownFileType = sourcecode.swift; path = MinoCellView.swift; sourceTree = "<group>"; };
		DA868CC926BB0D8E00441CCB /* PieceUtilities.swift */ = {isa = PBXFileReference; lastKnownFileType = sourcecode.swift; path = PieceUtilities.swift; sourceTree = "<group>"; };
		DA98926E26B8697E00712571 /* NextPiecesView.swift */ = {isa = PBXFileReference; lastKnownFileType = sourcecode.swift; path = NextPiecesView.swift; sourceTree = "<group>"; };
		DABBD87726B9CA33001B0E28 /* GameplayController.swift */ = {isa = PBXFileReference; lastKnownFileType = sourcecode.swift; path = GameplayController.swift; sourceTree = "<group>"; };
		DABBD87926B9D0C0001B0E28 /* ContentView.swift */ = {isa = PBXFileReference; lastKnownFileType = sourcecode.swift; path = ContentView.swift; sourceTree = "<group>"; };
		DABDDCFC26BAB1C90096CBE2 /* PlayPieceView.swift */ = {isa = PBXFileReference; lastKnownFileType = sourcecode.swift; path = PlayPieceView.swift; sourceTree = "<group>"; };
		DAC37FED26B994110095B653 /* FieldRowsView.swift */ = {isa = PBXFileReference; lastKnownFileType = sourcecode.swift; path = FieldRowsView.swift; sourceTree = "<group>"; };
		DAC37FEF26B994890095B653 /* DisplayField.swift */ = {isa = PBXFileReference; lastKnownFileType = sourcecode.swift; path = DisplayField.swift; sourceTree = "<group>"; };
/* End PBXFileReference section */

/* Begin PBXFrameworksBuildPhase section */
		DA14BB9626B15E2700BBB4FE /* Frameworks */ = {
			isa = PBXFrameworksBuildPhase;
			buildActionMask = 2147483647;
			files = (
				DA14BBC826B161F200BBB4FE /* DrillAI in Frameworks */,
			);
			runOnlyForDeploymentPostprocessing = 0;
		};
		DA14BBA526B15E2E00BBB4FE /* Frameworks */ = {
			isa = PBXFrameworksBuildPhase;
			buildActionMask = 2147483647;
			files = (
			);
			runOnlyForDeploymentPostprocessing = 0;
		};
		DA5FDFD126B07BF9002A8354 /* Frameworks */ = {
			isa = PBXFrameworksBuildPhase;
			buildActionMask = 2147483647;
			files = (
				DA5FE00B26B07D38002A8354 /* DrillAI in Frameworks */,
			);
			runOnlyForDeploymentPostprocessing = 0;
		};
		DA5FDFE126B07BFD002A8354 /* Frameworks */ = {
			isa = PBXFrameworksBuildPhase;
			buildActionMask = 2147483647;
			files = (
			);
			runOnlyForDeploymentPostprocessing = 0;
		};
/* End PBXFrameworksBuildPhase section */

/* Begin PBXGroup section */
		DA14BB9A26B15E2700BBB4FE /* DrillUI_iOS */ = {
			isa = PBXGroup;
			children = (
				DABDDCFC26BAB1C90096CBE2 /* PlayPieceView.swift */,
				DA5A92D326BBE79D008FAB33 /* PieceView.swift */,
				DA98926E26B8697E00712571 /* NextPiecesView.swift */,
				DA057D7B26B8667B0089B34A /* HoldPieceView.swift */,
				DA14BB9B26B15E2700BBB4FE /* DrillUI_iOSApp.swift */,
				DABBD87926B9D0C0001B0E28 /* ContentView.swift */,
				DABBD87726B9CA33001B0E28 /* GameplayController.swift */,
				DA1F5B9926B829A100FC8F70 /* FieldView.swift */,
				DAC37FED26B994110095B653 /* FieldRowsView.swift */,
				DA868CC726BAFE0300441CCB /* MinoCellView.swift */,
				DAC37FEF26B994890095B653 /* DisplayField.swift */,
				DA868CC926BB0D8E00441CCB /* PieceUtilities.swift */,
				DA057D7926B85C390089B34A /* GameView.swift */,
				DA1F5B9B26B8346E00FC8F70 /* GridLinesView.swift */,
				DA14BB9F26B15E2E00BBB4FE /* Assets.xcassets */,
				DA14BBA126B15E2E00BBB4FE /* Preview Content */,
			);
			path = DrillUI_iOS;
			sourceTree = "<group>";
		};
		DA14BBA126B15E2E00BBB4FE /* Preview Content */ = {
			isa = PBXGroup;
			children = (
				DA14BBA226B15E2E00BBB4FE /* Preview Assets.xcassets */,
			);
			path = "Preview Content";
			sourceTree = "<group>";
		};
		DA14BBAB26B15E2E00BBB4FE /* DrillUI_iOSTests */ = {
			isa = PBXGroup;
			children = (
				DA14BBAC26B15E2E00BBB4FE /* DrillUI_iOSTests.swift */,
			);
			path = DrillUI_iOSTests;
			sourceTree = "<group>";
		};
		DA14BBC126B15EB200BBB4FE /* Shared */ = {
			isa = PBXGroup;
			children = (
				DA5FE00026B07C7B002A8354 /* ConsoleView.swift */,
				DA5FDFFF26B07C7B002A8354 /* ControlView.swift */,
				DA14BBC226B15EF300BBB4FE /* Assets.xcassets */,
			);
			path = Shared;
			sourceTree = "<group>";
		};
		DA5FDFCB26B07BF9002A8354 = {
			isa = PBXGroup;
			children = (
				DA5FE00526B07CBC002A8354 /* Packages */,
				DA14BBC126B15EB200BBB4FE /* Shared */,
				DA5FDFD626B07BF9002A8354 /* DrillUI */,
				DA14BB9A26B15E2700BBB4FE /* DrillUI_iOS */,
				DA5FDFE726B07BFD002A8354 /* DrillUITests */,
				DA14BBAB26B15E2E00BBB4FE /* DrillUI_iOSTests */,
				DA5FDFD526B07BF9002A8354 /* Products */,
				DA5FE00926B07D38002A8354 /* Frameworks */,
			);
			sourceTree = "<group>";
		};
		DA5FDFD526B07BF9002A8354 /* Products */ = {
			isa = PBXGroup;
			children = (
				DA5FDFD426B07BF9002A8354 /* DrillUI.app */,
				DA5FDFE426B07BFD002A8354 /* DrillUITests.xctest */,
				DA14BB9926B15E2700BBB4FE /* DrillUI.app */,
				DA14BBA826B15E2E00BBB4FE /* DrillUI_iOSTests.xctest */,
			);
			name = Products;
			sourceTree = "<group>";
		};
		DA5FDFD626B07BF9002A8354 /* DrillUI */ = {
			isa = PBXGroup;
			children = (
				DA5FE00126B07C7B002A8354 /* WindowAccessor.swift */,
				DA5FDFD726B07BF9002A8354 /* DrillUIApp.swift */,
				DA5FDFDB26B07BFD002A8354 /* Assets.xcassets */,
				DA5FDFDD26B07BFD002A8354 /* Preview Content */,
			);
			path = DrillUI;
			sourceTree = "<group>";
		};
		DA5FDFDD26B07BFD002A8354 /* Preview Content */ = {
			isa = PBXGroup;
			children = (
				DA5FDFDE26B07BFD002A8354 /* Preview Assets.xcassets */,
			);
			path = "Preview Content";
			sourceTree = "<group>";
		};
		DA5FDFE726B07BFD002A8354 /* DrillUITests */ = {
			isa = PBXGroup;
			children = (
				DA5FDFE826B07BFD002A8354 /* DrillUITests.swift */,
			);
			path = DrillUITests;
			sourceTree = "<group>";
		};
		DA5FE00526B07CBC002A8354 /* Packages */ = {
			isa = PBXGroup;
			children = (
				DA5FE00626B07CBC002A8354 /* DrillAI */,
			);
			name = Packages;
			sourceTree = "<group>";
		};
		DA5FE00926B07D38002A8354 /* Frameworks */ = {
			isa = PBXGroup;
			children = (
			);
			name = Frameworks;
			sourceTree = "<group>";
		};
/* End PBXGroup section */

/* Begin PBXNativeTarget section */
		DA14BB9826B15E2700BBB4FE /* DrillUI_iOS */ = {
			isa = PBXNativeTarget;
			buildConfigurationList = DA14BBBE26B15E2E00BBB4FE /* Build configuration list for PBXNativeTarget "DrillUI_iOS" */;
			buildPhases = (
				DA14BB9526B15E2700BBB4FE /* Sources */,
				DA14BB9626B15E2700BBB4FE /* Frameworks */,
				DA14BB9726B15E2700BBB4FE /* Resources */,
			);
			buildRules = (
			);
			dependencies = (
			);
			name = DrillUI_iOS;
			packageProductDependencies = (
				DA14BBC726B161F200BBB4FE /* DrillAI */,
			);
			productName = DrillUI_iOS;
			productReference = DA14BB9926B15E2700BBB4FE /* DrillUI.app */;
			productType = "com.apple.product-type.application";
		};
		DA14BBA726B15E2E00BBB4FE /* DrillUI_iOSTests */ = {
			isa = PBXNativeTarget;
			buildConfigurationList = DA14BBBF26B15E2E00BBB4FE /* Build configuration list for PBXNativeTarget "DrillUI_iOSTests" */;
			buildPhases = (
				DA14BBA426B15E2E00BBB4FE /* Sources */,
				DA14BBA526B15E2E00BBB4FE /* Frameworks */,
				DA14BBA626B15E2E00BBB4FE /* Resources */,
			);
			buildRules = (
			);
			dependencies = (
				DA14BBAA26B15E2E00BBB4FE /* PBXTargetDependency */,
			);
			name = DrillUI_iOSTests;
			productName = DrillUI_iOSTests;
			productReference = DA14BBA826B15E2E00BBB4FE /* DrillUI_iOSTests.xctest */;
			productType = "com.apple.product-type.bundle.unit-test";
		};
		DA5FDFD326B07BF9002A8354 /* DrillUI */ = {
			isa = PBXNativeTarget;
			buildConfigurationList = DA5FDFF626B07BFD002A8354 /* Build configuration list for PBXNativeTarget "DrillUI" */;
			buildPhases = (
				DA5FDFD026B07BF9002A8354 /* Sources */,
				DA5FDFD126B07BF9002A8354 /* Frameworks */,
				DA5FDFD226B07BF9002A8354 /* Resources */,
			);
			buildRules = (
			);
			dependencies = (
			);
			name = DrillUI;
			packageProductDependencies = (
				DA5FE00A26B07D38002A8354 /* DrillAI */,
			);
			productName = DrillUI;
			productReference = DA5FDFD426B07BF9002A8354 /* DrillUI.app */;
			productType = "com.apple.product-type.application";
		};
		DA5FDFE326B07BFD002A8354 /* DrillUITests */ = {
			isa = PBXNativeTarget;
			buildConfigurationList = DA5FDFF926B07BFD002A8354 /* Build configuration list for PBXNativeTarget "DrillUITests" */;
			buildPhases = (
				DA5FDFE026B07BFD002A8354 /* Sources */,
				DA5FDFE126B07BFD002A8354 /* Frameworks */,
				DA5FDFE226B07BFD002A8354 /* Resources */,
			);
			buildRules = (
			);
			dependencies = (
				DA5FDFE626B07BFD002A8354 /* PBXTargetDependency */,
			);
			name = DrillUITests;
			productName = DrillUITests;
			productReference = DA5FDFE426B07BFD002A8354 /* DrillUITests.xctest */;
			productType = "com.apple.product-type.bundle.unit-test";
		};
/* End PBXNativeTarget section */

/* Begin PBXProject section */
		DA5FDFCC26B07BF9002A8354 /* Project object */ = {
			isa = PBXProject;
			attributes = {
				BuildIndependentTargetsInParallel = 1;
				LastSwiftUpdateCheck = 1300;
				LastUpgradeCheck = 1300;
				TargetAttributes = {
					DA14BB9826B15E2700BBB4FE = {
						CreatedOnToolsVersion = 13.0;
					};
					DA14BBA726B15E2E00BBB4FE = {
						CreatedOnToolsVersion = 13.0;
						TestTargetID = DA14BB9826B15E2700BBB4FE;
					};
					DA5FDFD326B07BF9002A8354 = {
						CreatedOnToolsVersion = 13.0;
					};
					DA5FDFE326B07BFD002A8354 = {
						CreatedOnToolsVersion = 13.0;
						TestTargetID = DA5FDFD326B07BF9002A8354;
					};
				};
			};
			buildConfigurationList = DA5FDFCF26B07BF9002A8354 /* Build configuration list for PBXProject "DrillUI" */;
			compatibilityVersion = "Xcode 13.0";
			developmentRegion = en;
			hasScannedForEncodings = 0;
			knownRegions = (
				en,
				Base,
			);
			mainGroup = DA5FDFCB26B07BF9002A8354;
			productRefGroup = DA5FDFD526B07BF9002A8354 /* Products */;
			projectDirPath = "";
			projectRoot = "";
			targets = (
				DA5FDFD326B07BF9002A8354 /* DrillUI */,
				DA5FDFE326B07BFD002A8354 /* DrillUITests */,
				DA14BB9826B15E2700BBB4FE /* DrillUI_iOS */,
				DA14BBA726B15E2E00BBB4FE /* DrillUI_iOSTests */,
			);
		};
/* End PBXProject section */

/* Begin PBXResourcesBuildPhase section */
		DA14BB9726B15E2700BBB4FE /* Resources */ = {
			isa = PBXResourcesBuildPhase;
			buildActionMask = 2147483647;
			files = (
				DA14BBA326B15E2E00BBB4FE /* Preview Assets.xcassets in Resources */,
				DA14BBC426B15F0F00BBB4FE /* Assets.xcassets in Resources */,
				DA14BBA026B15E2E00BBB4FE /* Assets.xcassets in Resources */,
			);
			runOnlyForDeploymentPostprocessing = 0;
		};
		DA14BBA626B15E2E00BBB4FE /* Resources */ = {
			isa = PBXResourcesBuildPhase;
			buildActionMask = 2147483647;
			files = (
			);
			runOnlyForDeploymentPostprocessing = 0;
		};
		DA5FDFD226B07BF9002A8354 /* Resources */ = {
			isa = PBXResourcesBuildPhase;
			buildActionMask = 2147483647;
			files = (
				DA5FDFDF26B07BFD002A8354 /* Preview Assets.xcassets in Resources */,
				DA14BBC326B15EF300BBB4FE /* Assets.xcassets in Resources */,
				DA5FDFDC26B07BFD002A8354 /* Assets.xcassets in Resources */,
			);
			runOnlyForDeploymentPostprocessing = 0;
		};
		DA5FDFE226B07BFD002A8354 /* Resources */ = {
			isa = PBXResourcesBuildPhase;
			buildActionMask = 2147483647;
			files = (
			);
			runOnlyForDeploymentPostprocessing = 0;
		};
/* End PBXResourcesBuildPhase section */

/* Begin PBXSourcesBuildPhase section */
		DA14BB9526B15E2700BBB4FE /* Sources */ = {
			isa = PBXSourcesBuildPhase;
			buildActionMask = 2147483647;
			files = (
				DA98926F26B8697E00712571 /* NextPiecesView.swift in Sources */,
				DAC37FF026B994890095B653 /* DisplayField.swift in Sources */,
				DABBD87A26B9D0C0001B0E28 /* ContentView.swift in Sources */,
				DA1F5B9C26B8346E00FC8F70 /* GridLinesView.swift in Sources */,
				DAC37FEE26B994110095B653 /* FieldRowsView.swift in Sources */,
				DA14BBC626B15F1800BBB4FE /* ControlView.swift in Sources */,
				DA1F5B9A26B829A100FC8F70 /* FieldView.swift in Sources */,
				DA14BBC526B15F1500BBB4FE /* ConsoleView.swift in Sources */,
				DA057D7A26B85C390089B34A /* GameView.swift in Sources */,
				DA868CCA26BB0D8E00441CCB /* PieceUtilities.swift in Sources */,
				DA14BB9C26B15E2700BBB4FE /* DrillUI_iOSApp.swift in Sources */,
				DA5A92D426BBE79D008FAB33 /* PieceView.swift in Sources */,
				DABBD87826B9CA33001B0E28 /* GameplayController.swift in Sources */,
				DA868CC826BAFE0300441CCB /* MinoCellView.swift in Sources */,
				DA057D7C26B8667B0089B34A /* HoldPieceView.swift in Sources */,
				DABDDCFD26BAB1C90096CBE2 /* PlayPieceView.swift in Sources */,
			);
			runOnlyForDeploymentPostprocessing = 0;
		};
		DA14BBA426B15E2E00BBB4FE /* Sources */ = {
			isa = PBXSourcesBuildPhase;
			buildActionMask = 2147483647;
			files = (
				DA14BBAD26B15E2E00BBB4FE /* DrillUI_iOSTests.swift in Sources */,
			);
			runOnlyForDeploymentPostprocessing = 0;
		};
		DA5FDFD026B07BF9002A8354 /* Sources */ = {
			isa = PBXSourcesBuildPhase;
			buildActionMask = 2147483647;
			files = (
				DA5FE00226B07C7B002A8354 /* ControlView.swift in Sources */,
				DA5FE00426B07C7B002A8354 /* WindowAccessor.swift in Sources */,
				DA5FE00326B07C7B002A8354 /* ConsoleView.swift in Sources */,
				DA5FDFD826B07BF9002A8354 /* DrillUIApp.swift in Sources */,
			);
			runOnlyForDeploymentPostprocessing = 0;
		};
		DA5FDFE026B07BFD002A8354 /* Sources */ = {
			isa = PBXSourcesBuildPhase;
			buildActionMask = 2147483647;
			files = (
				DA5FDFE926B07BFD002A8354 /* DrillUITests.swift in Sources */,
			);
			runOnlyForDeploymentPostprocessing = 0;
		};
/* End PBXSourcesBuildPhase section */

/* Begin PBXTargetDependency section */
		DA14BBAA26B15E2E00BBB4FE /* PBXTargetDependency */ = {
			isa = PBXTargetDependency;
			target = DA14BB9826B15E2700BBB4FE /* DrillUI_iOS */;
			targetProxy = DA14BBA926B15E2E00BBB4FE /* PBXContainerItemProxy */;
		};
		DA5FDFE626B07BFD002A8354 /* PBXTargetDependency */ = {
			isa = PBXTargetDependency;
			target = DA5FDFD326B07BF9002A8354 /* DrillUI */;
			targetProxy = DA5FDFE526B07BFD002A8354 /* PBXContainerItemProxy */;
		};
/* End PBXTargetDependency section */

/* Begin XCBuildConfiguration section */
		DA14BBB826B15E2E00BBB4FE /* Debug */ = {
			isa = XCBuildConfiguration;
			buildSettings = {
				ASSETCATALOG_COMPILER_APPICON_NAME = AppIcon;
				ASSETCATALOG_COMPILER_GLOBAL_ACCENT_COLOR_NAME = AccentColor;
				CODE_SIGN_STYLE = Automatic;
				CURRENT_PROJECT_VERSION = 1;
				DEVELOPMENT_ASSET_PATHS = "\"DrillUI_iOS/Preview Content\"";
				DEVELOPMENT_TEAM = C3TKTY8GP6;
				ENABLE_PREVIEWS = YES;
				GENERATE_INFOPLIST_FILE = YES;
				INFOPLIST_KEY_UIApplicationSceneManifest_Generation = YES;
				INFOPLIST_KEY_UIApplicationSupportsIndirectInputEvents = YES;
				INFOPLIST_KEY_UILaunchScreen_Generation = YES;
				INFOPLIST_KEY_UISupportedInterfaceOrientations = "UIInterfaceOrientationLandscapeRight UIInterfaceOrientationLandscapeLeft UIInterfaceOrientationPortraitUpsideDown UIInterfaceOrientationPortrait";
				INFOPLIST_KEY_UISupportedInterfaceOrientations_iPad = "UIInterfaceOrientationPortrait UIInterfaceOrientationPortraitUpsideDown UIInterfaceOrientationLandscapeLeft UIInterfaceOrientationLandscapeRight";
				INFOPLIST_KEY_UISupportedInterfaceOrientations_iPhone = "UIInterfaceOrientationPortrait UIInterfaceOrientationLandscapeLeft UIInterfaceOrientationLandscapeRight";
				IPHONEOS_DEPLOYMENT_TARGET = 15.0;
				LD_RUNPATH_SEARCH_PATHS = (
					"$(inherited)",
					"@executable_path/Frameworks",
				);
				MARKETING_VERSION = 1.0;
				PRODUCT_BUNDLE_IDENTIFIER = "net.mathemusician.DrillUI-iOS";
				PRODUCT_NAME = DrillUI;
				SDKROOT = iphoneos;
				SWIFT_EMIT_LOC_STRINGS = YES;
				SWIFT_VERSION = 5.0;
				TARGETED_DEVICE_FAMILY = "1,2";
			};
			name = Debug;
		};
		DA14BBB926B15E2E00BBB4FE /* Release */ = {
			isa = XCBuildConfiguration;
			buildSettings = {
				ASSETCATALOG_COMPILER_APPICON_NAME = AppIcon;
				ASSETCATALOG_COMPILER_GLOBAL_ACCENT_COLOR_NAME = AccentColor;
				CODE_SIGN_STYLE = Automatic;
				CURRENT_PROJECT_VERSION = 1;
				DEVELOPMENT_ASSET_PATHS = "\"DrillUI_iOS/Preview Content\"";
				DEVELOPMENT_TEAM = C3TKTY8GP6;
				ENABLE_PREVIEWS = YES;
				GENERATE_INFOPLIST_FILE = YES;
				INFOPLIST_KEY_UIApplicationSceneManifest_Generation = YES;
				INFOPLIST_KEY_UIApplicationSupportsIndirectInputEvents = YES;
				INFOPLIST_KEY_UILaunchScreen_Generation = YES;
				INFOPLIST_KEY_UISupportedInterfaceOrientations = "UIInterfaceOrientationLandscapeRight UIInterfaceOrientationLandscapeLeft UIInterfaceOrientationPortraitUpsideDown UIInterfaceOrientationPortrait";
				INFOPLIST_KEY_UISupportedInterfaceOrientations_iPad = "UIInterfaceOrientationPortrait UIInterfaceOrientationPortraitUpsideDown UIInterfaceOrientationLandscapeLeft UIInterfaceOrientationLandscapeRight";
				INFOPLIST_KEY_UISupportedInterfaceOrientations_iPhone = "UIInterfaceOrientationPortrait UIInterfaceOrientationLandscapeLeft UIInterfaceOrientationLandscapeRight";
				IPHONEOS_DEPLOYMENT_TARGET = 15.0;
				LD_RUNPATH_SEARCH_PATHS = (
					"$(inherited)",
					"@executable_path/Frameworks",
				);
				MARKETING_VERSION = 1.0;
				PRODUCT_BUNDLE_IDENTIFIER = "net.mathemusician.DrillUI-iOS";
				PRODUCT_NAME = DrillUI;
				SDKROOT = iphoneos;
				SWIFT_EMIT_LOC_STRINGS = YES;
				SWIFT_VERSION = 5.0;
				TARGETED_DEVICE_FAMILY = "1,2";
				VALIDATE_PRODUCT = YES;
			};
			name = Release;
		};
		DA14BBBA26B15E2E00BBB4FE /* Debug */ = {
			isa = XCBuildConfiguration;
			buildSettings = {
				ALWAYS_EMBED_SWIFT_STANDARD_LIBRARIES = YES;
				BUNDLE_LOADER = "$(TEST_HOST)";
				CODE_SIGN_STYLE = Automatic;
				CURRENT_PROJECT_VERSION = 1;
				DEVELOPMENT_TEAM = C3TKTY8GP6;
				GENERATE_INFOPLIST_FILE = YES;
				IPHONEOS_DEPLOYMENT_TARGET = 15.0;
				LD_RUNPATH_SEARCH_PATHS = (
					"$(inherited)",
					"@executable_path/Frameworks",
					"@loader_path/Frameworks",
				);
				MARKETING_VERSION = 1.0;
				PRODUCT_BUNDLE_IDENTIFIER = "net.mathemusician.DrillUI-iOSTests";
				PRODUCT_NAME = "$(TARGET_NAME)";
				SDKROOT = iphoneos;
				SWIFT_EMIT_LOC_STRINGS = NO;
				SWIFT_VERSION = 5.0;
				TARGETED_DEVICE_FAMILY = "1,2";
				TEST_HOST = "$(BUILT_PRODUCTS_DIR)/DrillUI_iOS.app/DrillUI_iOS";
			};
			name = Debug;
		};
		DA14BBBB26B15E2E00BBB4FE /* Release */ = {
			isa = XCBuildConfiguration;
			buildSettings = {
				ALWAYS_EMBED_SWIFT_STANDARD_LIBRARIES = YES;
				BUNDLE_LOADER = "$(TEST_HOST)";
				CODE_SIGN_STYLE = Automatic;
				CURRENT_PROJECT_VERSION = 1;
				DEVELOPMENT_TEAM = C3TKTY8GP6;
				GENERATE_INFOPLIST_FILE = YES;
				IPHONEOS_DEPLOYMENT_TARGET = 15.0;
				LD_RUNPATH_SEARCH_PATHS = (
					"$(inherited)",
					"@executable_path/Frameworks",
					"@loader_path/Frameworks",
				);
				MARKETING_VERSION = 1.0;
				PRODUCT_BUNDLE_IDENTIFIER = "net.mathemusician.DrillUI-iOSTests";
				PRODUCT_NAME = "$(TARGET_NAME)";
				SDKROOT = iphoneos;
				SWIFT_EMIT_LOC_STRINGS = NO;
				SWIFT_VERSION = 5.0;
				TARGETED_DEVICE_FAMILY = "1,2";
				TEST_HOST = "$(BUILT_PRODUCTS_DIR)/DrillUI_iOS.app/DrillUI_iOS";
				VALIDATE_PRODUCT = YES;
			};
			name = Release;
		};
		DA5FDFF426B07BFD002A8354 /* Debug */ = {
			isa = XCBuildConfiguration;
			buildSettings = {
				ALWAYS_SEARCH_USER_PATHS = NO;
				CLANG_ANALYZER_NONNULL = YES;
				CLANG_ANALYZER_NUMBER_OBJECT_CONVERSION = YES_AGGRESSIVE;
				CLANG_CXX_LANGUAGE_STANDARD = "gnu++17";
				CLANG_CXX_LIBRARY = "libc++";
				CLANG_ENABLE_MODULES = YES;
				CLANG_ENABLE_OBJC_ARC = YES;
				CLANG_ENABLE_OBJC_WEAK = YES;
				CLANG_WARN_BLOCK_CAPTURE_AUTORELEASING = YES;
				CLANG_WARN_BOOL_CONVERSION = YES;
				CLANG_WARN_COMMA = YES;
				CLANG_WARN_CONSTANT_CONVERSION = YES;
				CLANG_WARN_DEPRECATED_OBJC_IMPLEMENTATIONS = YES;
				CLANG_WARN_DIRECT_OBJC_ISA_USAGE = YES_ERROR;
				CLANG_WARN_DOCUMENTATION_COMMENTS = YES;
				CLANG_WARN_EMPTY_BODY = YES;
				CLANG_WARN_ENUM_CONVERSION = YES;
				CLANG_WARN_INFINITE_RECURSION = YES;
				CLANG_WARN_INT_CONVERSION = YES;
				CLANG_WARN_NON_LITERAL_NULL_CONVERSION = YES;
				CLANG_WARN_OBJC_IMPLICIT_RETAIN_SELF = YES;
				CLANG_WARN_OBJC_LITERAL_CONVERSION = YES;
				CLANG_WARN_OBJC_ROOT_CLASS = YES_ERROR;
				CLANG_WARN_QUOTED_INCLUDE_IN_FRAMEWORK_HEADER = YES;
				CLANG_WARN_RANGE_LOOP_ANALYSIS = YES;
				CLANG_WARN_STRICT_PROTOTYPES = YES;
				CLANG_WARN_SUSPICIOUS_MOVE = YES;
				CLANG_WARN_UNGUARDED_AVAILABILITY = YES_AGGRESSIVE;
				CLANG_WARN_UNREACHABLE_CODE = YES;
				CLANG_WARN__DUPLICATE_METHOD_MATCH = YES;
				COPY_PHASE_STRIP = NO;
				DEBUG_INFORMATION_FORMAT = dwarf;
				ENABLE_STRICT_OBJC_MSGSEND = YES;
				ENABLE_TESTABILITY = YES;
				GCC_C_LANGUAGE_STANDARD = gnu11;
				GCC_DYNAMIC_NO_PIC = NO;
				GCC_NO_COMMON_BLOCKS = YES;
				GCC_OPTIMIZATION_LEVEL = 0;
				GCC_PREPROCESSOR_DEFINITIONS = (
					"DEBUG=1",
					"$(inherited)",
				);
				GCC_WARN_64_TO_32_BIT_CONVERSION = YES;
				GCC_WARN_ABOUT_RETURN_TYPE = YES_ERROR;
				GCC_WARN_UNDECLARED_SELECTOR = YES;
				GCC_WARN_UNINITIALIZED_AUTOS = YES_AGGRESSIVE;
				GCC_WARN_UNUSED_FUNCTION = YES;
				GCC_WARN_UNUSED_VARIABLE = YES;
				IPHONEOS_DEPLOYMENT_TARGET = 15.0;
				MACOSX_DEPLOYMENT_TARGET = 11.4;
				MTL_ENABLE_DEBUG_INFO = INCLUDE_SOURCE;
				MTL_FAST_MATH = YES;
				ONLY_ACTIVE_ARCH = YES;
				SDKROOT = macosx;
				SWIFT_ACTIVE_COMPILATION_CONDITIONS = DEBUG;
				SWIFT_OPTIMIZATION_LEVEL = "-Onone";
			};
			name = Debug;
		};
		DA5FDFF526B07BFD002A8354 /* Release */ = {
			isa = XCBuildConfiguration;
			buildSettings = {
				ALWAYS_SEARCH_USER_PATHS = NO;
				CLANG_ANALYZER_NONNULL = YES;
				CLANG_ANALYZER_NUMBER_OBJECT_CONVERSION = YES_AGGRESSIVE;
				CLANG_CXX_LANGUAGE_STANDARD = "gnu++17";
				CLANG_CXX_LIBRARY = "libc++";
				CLANG_ENABLE_MODULES = YES;
				CLANG_ENABLE_OBJC_ARC = YES;
				CLANG_ENABLE_OBJC_WEAK = YES;
				CLANG_WARN_BLOCK_CAPTURE_AUTORELEASING = YES;
				CLANG_WARN_BOOL_CONVERSION = YES;
				CLANG_WARN_COMMA = YES;
				CLANG_WARN_CONSTANT_CONVERSION = YES;
				CLANG_WARN_DEPRECATED_OBJC_IMPLEMENTATIONS = YES;
				CLANG_WARN_DIRECT_OBJC_ISA_USAGE = YES_ERROR;
				CLANG_WARN_DOCUMENTATION_COMMENTS = YES;
				CLANG_WARN_EMPTY_BODY = YES;
				CLANG_WARN_ENUM_CONVERSION = YES;
				CLANG_WARN_INFINITE_RECURSION = YES;
				CLANG_WARN_INT_CONVERSION = YES;
				CLANG_WARN_NON_LITERAL_NULL_CONVERSION = YES;
				CLANG_WARN_OBJC_IMPLICIT_RETAIN_SELF = YES;
				CLANG_WARN_OBJC_LITERAL_CONVERSION = YES;
				CLANG_WARN_OBJC_ROOT_CLASS = YES_ERROR;
				CLANG_WARN_QUOTED_INCLUDE_IN_FRAMEWORK_HEADER = YES;
				CLANG_WARN_RANGE_LOOP_ANALYSIS = YES;
				CLANG_WARN_STRICT_PROTOTYPES = YES;
				CLANG_WARN_SUSPICIOUS_MOVE = YES;
				CLANG_WARN_UNGUARDED_AVAILABILITY = YES_AGGRESSIVE;
				CLANG_WARN_UNREACHABLE_CODE = YES;
				CLANG_WARN__DUPLICATE_METHOD_MATCH = YES;
				COPY_PHASE_STRIP = NO;
				DEBUG_INFORMATION_FORMAT = "dwarf-with-dsym";
				ENABLE_NS_ASSERTIONS = NO;
				ENABLE_STRICT_OBJC_MSGSEND = YES;
				GCC_C_LANGUAGE_STANDARD = gnu11;
				GCC_NO_COMMON_BLOCKS = YES;
				GCC_WARN_64_TO_32_BIT_CONVERSION = YES;
				GCC_WARN_ABOUT_RETURN_TYPE = YES_ERROR;
				GCC_WARN_UNDECLARED_SELECTOR = YES;
				GCC_WARN_UNINITIALIZED_AUTOS = YES_AGGRESSIVE;
				GCC_WARN_UNUSED_FUNCTION = YES;
				GCC_WARN_UNUSED_VARIABLE = YES;
				IPHONEOS_DEPLOYMENT_TARGET = 15.0;
				MACOSX_DEPLOYMENT_TARGET = 11.4;
				MTL_ENABLE_DEBUG_INFO = NO;
				MTL_FAST_MATH = YES;
				SDKROOT = macosx;
				SWIFT_COMPILATION_MODE = wholemodule;
				SWIFT_OPTIMIZATION_LEVEL = "-O";
			};
			name = Release;
		};
		DA5FDFF726B07BFD002A8354 /* Debug */ = {
			isa = XCBuildConfiguration;
			buildSettings = {
				ASSETCATALOG_COMPILER_APPICON_NAME = AppIcon;
				ASSETCATALOG_COMPILER_GLOBAL_ACCENT_COLOR_NAME = AccentColor;
				CODE_SIGN_STYLE = Automatic;
				COMBINE_HIDPI_IMAGES = YES;
				CURRENT_PROJECT_VERSION = 1;
				DEVELOPMENT_ASSET_PATHS = "\"DrillUI/Preview Content\"";
				DEVELOPMENT_TEAM = C3TKTY8GP6;
				ENABLE_APP_SANDBOX = YES;
				ENABLE_HARDENED_RUNTIME = YES;
				ENABLE_PREVIEWS = YES;
				ENABLE_USER_SELECTED_FILES = readonly;
				GENERATE_INFOPLIST_FILE = YES;
				INFOPLIST_KEY_NSHumanReadableCopyright = "";
				LD_RUNPATH_SEARCH_PATHS = (
					"$(inherited)",
					"@executable_path/../Frameworks",
				);
				MACOSX_DEPLOYMENT_TARGET = 11.0;
				MARKETING_VERSION = 1.0;
				PRODUCT_BUNDLE_IDENTIFIER = net.mathemusician.DrillUI;
				PRODUCT_NAME = "$(TARGET_NAME)";
				SWIFT_EMIT_LOC_STRINGS = YES;
				SWIFT_VERSION = 5.0;
			};
			name = Debug;
		};
		DA5FDFF826B07BFD002A8354 /* Release */ = {
			isa = XCBuildConfiguration;
			buildSettings = {
				ASSETCATALOG_COMPILER_APPICON_NAME = AppIcon;
				ASSETCATALOG_COMPILER_GLOBAL_ACCENT_COLOR_NAME = AccentColor;
				CODE_SIGN_STYLE = Automatic;
				COMBINE_HIDPI_IMAGES = YES;
				CURRENT_PROJECT_VERSION = 1;
				DEVELOPMENT_ASSET_PATHS = "\"DrillUI/Preview Content\"";
				DEVELOPMENT_TEAM = C3TKTY8GP6;
				ENABLE_APP_SANDBOX = YES;
				ENABLE_HARDENED_RUNTIME = YES;
				ENABLE_PREVIEWS = YES;
				ENABLE_USER_SELECTED_FILES = readonly;
				GENERATE_INFOPLIST_FILE = YES;
				INFOPLIST_KEY_NSHumanReadableCopyright = "";
				LD_RUNPATH_SEARCH_PATHS = (
					"$(inherited)",
					"@executable_path/../Frameworks",
				);
				MACOSX_DEPLOYMENT_TARGET = 11.0;
				MARKETING_VERSION = 1.0;
				PRODUCT_BUNDLE_IDENTIFIER = net.mathemusician.DrillUI;
				PRODUCT_NAME = "$(TARGET_NAME)";
				SWIFT_EMIT_LOC_STRINGS = YES;
				SWIFT_VERSION = 5.0;
			};
			name = Release;
		};
		DA5FDFFA26B07BFD002A8354 /* Debug */ = {
			isa = XCBuildConfiguration;
			buildSettings = {
				ALWAYS_EMBED_SWIFT_STANDARD_LIBRARIES = YES;
				BUNDLE_LOADER = "$(TEST_HOST)";
				CODE_SIGN_STYLE = Automatic;
				COMBINE_HIDPI_IMAGES = YES;
				CURRENT_PROJECT_VERSION = 1;
				DEVELOPMENT_TEAM = C3TKTY8GP6;
				GENERATE_INFOPLIST_FILE = YES;
				LD_RUNPATH_SEARCH_PATHS = (
					"$(inherited)",
					"@executable_path/../Frameworks",
					"@loader_path/../Frameworks",
				);
				MACOSX_DEPLOYMENT_TARGET = 11.0;
				MARKETING_VERSION = 1.0;
				PRODUCT_BUNDLE_IDENTIFIER = net.mathemusician.DrillUITests;
				PRODUCT_NAME = "$(TARGET_NAME)";
				SWIFT_EMIT_LOC_STRINGS = NO;
				SWIFT_VERSION = 5.0;
				TEST_HOST = "$(BUILT_PRODUCTS_DIR)/DrillUI.app/Contents/MacOS/DrillUI";
			};
			name = Debug;
		};
		DA5FDFFB26B07BFD002A8354 /* Release */ = {
			isa = XCBuildConfiguration;
			buildSettings = {
				ALWAYS_EMBED_SWIFT_STANDARD_LIBRARIES = YES;
				BUNDLE_LOADER = "$(TEST_HOST)";
				CODE_SIGN_STYLE = Automatic;
				COMBINE_HIDPI_IMAGES = YES;
				CURRENT_PROJECT_VERSION = 1;
				DEVELOPMENT_TEAM = C3TKTY8GP6;
				GENERATE_INFOPLIST_FILE = YES;
				LD_RUNPATH_SEARCH_PATHS = (
					"$(inherited)",
					"@executable_path/../Frameworks",
					"@loader_path/../Frameworks",
				);
				MACOSX_DEPLOYMENT_TARGET = 11.0;
				MARKETING_VERSION = 1.0;
				PRODUCT_BUNDLE_IDENTIFIER = net.mathemusician.DrillUITests;
				PRODUCT_NAME = "$(TARGET_NAME)";
				SWIFT_EMIT_LOC_STRINGS = NO;
				SWIFT_VERSION = 5.0;
				TEST_HOST = "$(BUILT_PRODUCTS_DIR)/DrillUI.app/Contents/MacOS/DrillUI";
			};
			name = Release;
		};
/* End XCBuildConfiguration section */

/* Begin XCConfigurationList section */
		DA14BBBE26B15E2E00BBB4FE /* Build configuration list for PBXNativeTarget "DrillUI_iOS" */ = {
			isa = XCConfigurationList;
			buildConfigurations = (
				DA14BBB826B15E2E00BBB4FE /* Debug */,
				DA14BBB926B15E2E00BBB4FE /* Release */,
			);
			defaultConfigurationIsVisible = 0;
			defaultConfigurationName = Release;
		};
		DA14BBBF26B15E2E00BBB4FE /* Build configuration list for PBXNativeTarget "DrillUI_iOSTests" */ = {
			isa = XCConfigurationList;
			buildConfigurations = (
				DA14BBBA26B15E2E00BBB4FE /* Debug */,
				DA14BBBB26B15E2E00BBB4FE /* Release */,
			);
			defaultConfigurationIsVisible = 0;
			defaultConfigurationName = Release;
		};
		DA5FDFCF26B07BF9002A8354 /* Build configuration list for PBXProject "DrillUI" */ = {
			isa = XCConfigurationList;
			buildConfigurations = (
				DA5FDFF426B07BFD002A8354 /* Debug */,
				DA5FDFF526B07BFD002A8354 /* Release */,
			);
			defaultConfigurationIsVisible = 0;
			defaultConfigurationName = Release;
		};
		DA5FDFF626B07BFD002A8354 /* Build configuration list for PBXNativeTarget "DrillUI" */ = {
			isa = XCConfigurationList;
			buildConfigurations = (
				DA5FDFF726B07BFD002A8354 /* Debug */,
				DA5FDFF826B07BFD002A8354 /* Release */,
			);
			defaultConfigurationIsVisible = 0;
			defaultConfigurationName = Release;
		};
		DA5FDFF926B07BFD002A8354 /* Build configuration list for PBXNativeTarget "DrillUITests" */ = {
			isa = XCConfigurationList;
			buildConfigurations = (
				DA5FDFFA26B07BFD002A8354 /* Debug */,
				DA5FDFFB26B07BFD002A8354 /* Release */,
			);
			defaultConfigurationIsVisible = 0;
			defaultConfigurationName = Release;
		};
/* End XCConfigurationList section */

/* Begin XCSwiftPackageProductDependency section */
		DA14BBC726B161F200BBB4FE /* DrillAI */ = {
			isa = XCSwiftPackageProductDependency;
			productName = DrillAI;
		};
		DA5FE00A26B07D38002A8354 /* DrillAI */ = {
			isa = XCSwiftPackageProductDependency;
			productName = DrillAI;
		};
/* End XCSwiftPackageProductDependency section */
	};
	rootObject = DA5FDFCC26B07BF9002A8354 /* Project object */;
}
